
Microsoft Visual Studio Solution File, Format Version 12.00
Project("{FAE04EC0-301F-11D3-BF4B-00C04F79EFBC}") = "91_MatchResult", "91_MatchResult\91_MatchResult.csproj", "{2245FA76-E4BE-4F28-998F-1E06B0FA0ED2}"
EndProject
Project("{FAE04EC0-301F-11D3-BF4B-00C04F79EFBC}") = "TestProject1", "TestProject1\TestProject1.csproj", "{FAD1B7EA-7179-4D76-AEF0-C7DCA17B7581}"
EndProject
Global
	GlobalSection(SolutionConfigurationPlatforms) = preSolution
		Debug|Any CPU = Debug|Any CPU
		Release|Any CPU = Release|Any CPU
	EndGlobalSection
	GlobalSection(ProjectConfigurationPlatforms) = postSolution
		{2245FA76-E4BE-4F28-998F-1E06B0FA0ED2}.Debug|Any CPU.ActiveCfg = Debug|Any CPU
		{2245FA76-E4BE-4F28-998F-1E06B0FA0ED2}.Debug|Any CPU.Build.0 = Debug|Any CPU
		{2245FA76-E4BE-4F28-998F-1E06B0FA0ED2}.Release|Any CPU.ActiveCfg = Release|Any CPU
		{2245FA76-E4BE-4F28-998F-1E06B0FA0ED2}.Release|Any CPU.Build.0 = Release|Any CPU
		{FAD1B7EA-7179-4D76-AEF0-C7DCA17B7581}.Debug|Any CPU.ActiveCfg = Debug|Any CPU
		{FAD1B7EA-7179-4D76-AEF0-C7DCA17B7581}.Debug|Any CPU.Build.0 = Debug|Any CPU
		{FAD1B7EA-7179-4D76-AEF0-C7DCA17B7581}.Release|Any CPU.ActiveCfg = Release|Any CPU
		{FAD1B7EA-7179-4D76-AEF0-C7DCA17B7581}.Release|Any CPU.Build.0 = Release|Any CPU
	EndGlobalSection
EndGlobal
